// !$*UTF8*$!
{
	archiveVersion = 1;
	classes = {
	};
	objectVersion = 77;
	objects = {

/* Begin PBXBuildFile section */
		0046FA085D42C4C14D838071 /* ClothingClassificationService.swift in Sources */ = {isa = PBXBuildFile; fileRef = 53B431330B6114373317E0BF /* ClothingClassificationService.swift */; };
		00F8CB3BC698C971123A0C0E /* StoreKitManager.swift in Sources */ = {isa = PBXBuildFile; fileRef = DEB55ADD2421C6AF55D2214F /* StoreKitManager.swift */; };
		05069C0EAD0E552AEDF2F21C /* FoundationModels.framework in Frameworks */ = {isa = PBXBuildFile; fileRef = 839E6E6C98B89B75F3114776 /* FoundationModels.framework */; settings = {ATTRIBUTES = (Weak, ); }; };
		07E84A906C1FECF5ED4370AE /* ClosetView.swift in Sources */ = {isa = PBXBuildFile; fileRef = 19BB0EC9E5FD96FD35B95960 /* ClosetView.swift */; };
		0920EF86CEF6E09EA74C1778 /* CloudKitManager.swift in Sources */ = {isa = PBXBuildFile; fileRef = FAC8515ECFA5F640EACA07DA /* CloudKitManager.swift */; };
		116A6FBB581CE095292569FA /* DailyStyleRecommendationIntent.swift in Sources */ = {isa = PBXBuildFile; fileRef = 29234E3D44AC31BAF09AC91C /* DailyStyleRecommendationIntent.swift */; };
		1B8427145F72DD383FBA32D7 /* Vision.framework in Frameworks */ = {isa = PBXBuildFile; fileRef = 4ED6A1E503E280CED9735D85 /* Vision.framework */; };
		1EFBD4E6E49781E2EB439F75 /* PaletteQuestionnaireView.swift in Sources */ = {isa = PBXBuildFile; fileRef = 07A463B1685183813B5F117D /* PaletteQuestionnaireView.swift */; };
		1F87B1E27CEA7F44BB4F6B28 /* HealthKitService.swift in Sources */ = {isa = PBXBuildFile; fileRef = D57994BF42D7F63E35E06E71 /* HealthKitService.swift */; };
		22BC0FF4DB2647B6D468F606 /* MainTabView.swift in Sources */ = {isa = PBXBuildFile; fileRef = 40F78EBA23E4FB4692771AFB /* MainTabView.swift */; };
		240302348AD244A108B8C9F5 /* ProfileStorageService.swift in Sources */ = {isa = PBXBuildFile; fileRef = E58920E30E5594D3CD345F90 /* ProfileStorageService.swift */; };
		2659D2E917EC254A0E435A66 /* ARKit.framework in Frameworks */ = {isa = PBXBuildFile; fileRef = 66B45EAFDE59A049CE181887 /* ARKit.framework */; };
		2CC230663AC80DB3B7E9DB1A /* OutfitCalendarView.swift in Sources */ = {isa = PBXBuildFile; fileRef = C60D3A6162BD54D67849660B /* OutfitCalendarView.swift */; };
		32F6DAE2B60659CF83F0372E /* AssistantPersona.swift in Sources */ = {isa = PBXBuildFile; fileRef = D9CB73AB525291BFF15F6371 /* AssistantPersona.swift */; };
		33C639E0591A4E2CE62EB90D /* StyleCompanionSharedModels.swift in Sources */ = {isa = PBXBuildFile; fileRef = 21839F5E1A00CE50CB86ECE0 /* StyleCompanionSharedModels.swift */; };
		350C1CD2B2224F77C3D21534 /* Analysis.swift in Sources */ = {isa = PBXBuildFile; fileRef = 887D2B4D0108C64CA67CDCD2 /* Analysis.swift */; };
		3718448A7CC5752B599E04F4 /* NaturalLanguage.framework in Frameworks */ = {isa = PBXBuildFile; fileRef = D7BF33F1413C0F51AB610238 /* NaturalLanguage.framework */; };
		374C8C3F159E42CC3107FCE0 /* EventKit.framework in Frameworks */ = {isa = PBXBuildFile; fileRef = 8D6E5F1F18EA2BFCCA1B55CC /* EventKit.framework */; };
		3831A7980AE129987A0850EF /* HomeView.swift in Sources */ = {isa = PBXBuildFile; fileRef = 34AFCF10CCF52E8D34E8B4F7 /* HomeView.swift */; };
		3FEF6E4860AB91364E2E4011 /* DailyOutfitReminderScheduler.swift in Sources */ = {isa = PBXBuildFile; fileRef = F7F6379FDA7965A63D928299 /* DailyOutfitReminderScheduler.swift */; };
		4042209B5DBA825870E4A6B1 /* ARClothingPlacement.swift in Sources */ = {isa = PBXBuildFile; fileRef = FF4CAFB822A3E2AB7DDE2D5C /* ARClothingPlacement.swift */; };
		40A2958DD92AA095AF0461A1 /* OutfitWeatherService.swift in Sources */ = {isa = PBXBuildFile; fileRef = 8BBC1DD3428E0BC69EC95B25 /* OutfitWeatherService.swift */; };
		41394763B138850AE8CBCC2C /* PersonalShooperWidgets.appex in Embed Foundation Extensions */ = {isa = PBXBuildFile; fileRef = D0875A8396A9D56BC3A5EDC4 /* PersonalShooperWidgets.appex */; settings = {ATTRIBUTES = (RemoveHeadersOnCopy, ); }; };
		449F539D13948DFADF5497B6 /* SettingsView.swift in Sources */ = {isa = PBXBuildFile; fileRef = 14A10A268571DD14DAE2AC68 /* SettingsView.swift */; };
		462546734450AD199EE637F3 /* PaletteGenerationOverlay.swift in Sources */ = {isa = PBXBuildFile; fileRef = C953B3EF34621286495A48CD /* PaletteGenerationOverlay.swift */; };
		46C1F0712295BAB1F6BA9E95 /* Photos.framework in Frameworks */ = {isa = PBXBuildFile; fileRef = B668A8B26EAD43C074CA3718 /* Photos.framework */; };
		52ABCBE5722A745FEA2EF801 /* AppIntents.framework in Frameworks */ = {isa = PBXBuildFile; fileRef = 5054F6856E9D8B83341CA704 /* AppIntents.framework */; };
		53DF86C0D2C0D34D009D4EAB /* Strings.swift in Sources */ = {isa = PBXBuildFile; fileRef = FBABC5D5EE29FF5A45A135E0 /* Strings.swift */; };
		5578E15F8309AE0BD9035D4F /* ChatViewModel.swift in Sources */ = {isa = PBXBuildFile; fileRef = DE3DB318DDEB8829D50DAF8E /* ChatViewModel.swift */; };
		57B4002CEC6FFB05083D4CEA /* GarmentBackgroundRemovalService.swift in Sources */ = {isa = PBXBuildFile; fileRef = 09FF0E63584DE9B020E60B2D /* GarmentBackgroundRemovalService.swift */; };
		59DAC8F2BDD2A49E39AA5E7D /* GeminiTryOnService.swift in Sources */ = {isa = PBXBuildFile; fileRef = 07644CA6E4DED93F1DF5E841 /* GeminiTryOnService.swift */; };
		5E7EED82D85CF519E9382DF8 /* SkinToneExtractor.swift in Sources */ = {isa = PBXBuildFile; fileRef = 7327AED235F37BA65C119031 /* SkinToneExtractor.swift */; };
		5FD644BA7FCE4650372A2A65 /* Language.swift in Sources */ = {isa = PBXBuildFile; fileRef = 3C3A6D967523FBE144BC1419 /* Language.swift */; };
		6119AF129AC9A908E3A2F527 /* WidgetKit.framework in Frameworks */ = {isa = PBXBuildFile; fileRef = 56173F3B4C47A44171AD4425 /* WidgetKit.framework */; };
		626D8986BB8EDEE1E72645DF /* PaletteGenerationService.swift in Sources */ = {isa = PBXBuildFile; fileRef = 7F9F8FA5342F6CB71FCD82D8 /* PaletteGenerationService.swift */; };
		648D6C49BD792F7A3CE4AE3D /* WidgetKit.framework in Frameworks */ = {isa = PBXBuildFile; fileRef = 56173F3B4C47A44171AD4425 /* WidgetKit.framework */; };
		653F52F805B613307D414401 /* EditProfileView.swift in Sources */ = {isa = PBXBuildFile; fileRef = 6672AC4BB8B6FF22DEC32B04 /* EditProfileView.swift */; };
		697D39AA4E36A52BB8C914C5 /* ConnectedChatGPTService.swift in Sources */ = {isa = PBXBuildFile; fileRef = A1C9C935FC5AA7125DABD554 /* ConnectedChatGPTService.swift */; };
		6A26344F10768112364C94EB /* CalendarSyncService.swift in Sources */ = {isa = PBXBuildFile; fileRef = 1986786BD0DF89A0E35BF53F /* CalendarSyncService.swift */; };
		6FBB2F49ECB0F4110701834A /* SubscriptionView.swift in Sources */ = {isa = PBXBuildFile; fileRef = 766A659F42DDB9940AEB6B69 /* SubscriptionView.swift */; };
		76530E1C76FBE252B2EBA8F9 /* PersonalShooperApp.swift in Sources */ = {isa = PBXBuildFile; fileRef = 4F02C52326CCBAD4FE94EE7F /* PersonalShooperApp.swift */; };
		76E4D05EC2F43CEC9F73D905 /* ProfileView.swift in Sources */ = {isa = PBXBuildFile; fileRef = CCF43F9E1D797C468B6BA7DD /* ProfileView.swift */; };
		7738B61295ADFDC8C677D569 /* BYOKSettingsView.swift in Sources */ = {isa = PBXBuildFile; fileRef = 67CB9660E43A91A53D5BA20C /* BYOKSettingsView.swift */; };
		78731E3956A5ADA50089D44F /* Assets.xcassets in Resources */ = {isa = PBXBuildFile; fileRef = 5282E7D8283CAD8C53A8C2D3 /* Assets.xcassets */; };
		795D5E329C4DD71E97A844AD /* ClothingClassifierService.swift in Sources */ = {isa = PBXBuildFile; fileRef = E0F5DF7DC961194CD0085855 /* ClothingClassifierService.swift */; };
		79782D3867F585D71C8ACCBB /* Theme.swift in Sources */ = {isa = PBXBuildFile; fileRef = 2A108E1DDE75B55664093E03 /* Theme.swift */; };
		7BED6BEBADE3624FD121F2E2 /* OutfitCalendarEntry.swift in Sources */ = {isa = PBXBuildFile; fileRef = 5A0B0FBE0E8E36BB78F3EFB2 /* OutfitCalendarEntry.swift */; };
		82F3DCCBCF8B11A65CF252F1 /* ClothingCaptureView.swift in Sources */ = {isa = PBXBuildFile; fileRef = 7EF7BAD7DB2535F793FD5A3B /* ClothingCaptureView.swift */; };
		84916E8331EBF2BF1D33E101 /* BYOKChatService.swift in Sources */ = {isa = PBXBuildFile; fileRef = 790B3A3D0AEA3565A91D612F /* BYOKChatService.swift */; };
		899E324BD2572DE2E6C5CB92 /* ChatView.swift in Sources */ = {isa = PBXBuildFile; fileRef = A4089E6DAF71F0651193DF6A /* ChatView.swift */; };
		8E62DD984BE25EF914FE392B /* KeychainHelper.swift in Sources */ = {isa = PBXBuildFile; fileRef = 8DDF9FDCD8E01003E6C79E4D /* KeychainHelper.swift */; };
		8EF22799197289A77575D099 /* PhotoUploadView.swift in Sources */ = {isa = PBXBuildFile; fileRef = B5A1849B39FF49CF07703B97 /* PhotoUploadView.swift */; };
		9280A61E7CDBDD099FEF15CE /* ARViewModel.swift in Sources */ = {isa = PBXBuildFile; fileRef = 75FF91397AF47465ED682DC4 /* ARViewModel.swift */; };
		9634C3723413210A4F81DB56 /* SkinColorScience.swift in Sources */ = {isa = PBXBuildFile; fileRef = 240EFBF7F344857485B932CA /* SkinColorScience.swift */; };
		96BB5EE762B7AA2D96BC261E /* StyleCompanionSharedModels.swift in Sources */ = {isa = PBXBuildFile; fileRef = 21839F5E1A00CE50CB86ECE0 /* StyleCompanionSharedModels.swift */; };
		97FD48193B1A838D067A65CC /* ChatWorkspaceService.swift in Sources */ = {isa = PBXBuildFile; fileRef = 22B513CBC4BAB4CB39A8A5F4 /* ChatWorkspaceService.swift */; };
		9B0E4EA327E15139CC5747F2 /* TryOnService.swift in Sources */ = {isa = PBXBuildFile; fileRef = BECF652589720B2AB223F1A5 /* TryOnService.swift */; };
		A17E9F62BE725D71CC4F05C3 /* OnboardingView.swift in Sources */ = {isa = PBXBuildFile; fileRef = B61150CC96A83FB5725565FE /* OnboardingView.swift */; };
		A1AC246B1908ADE13EBB7C9C /* RealityKit.framework in Frameworks */ = {isa = PBXBuildFile; fileRef = 86FB13AAA6D0B1AC46C0EB4A /* RealityKit.framework */; };
		A2C3EEDB62D101461528CD39 /* AppSecrets.swift in Sources */ = {isa = PBXBuildFile; fileRef = F0193CFAD6A6CBFF02EB135C /* AppSecrets.swift */; };
		A46152D996282676D8C8ED78 /* NoPaletteView.swift in Sources */ = {isa = PBXBuildFile; fileRef = 92543E17BB683B062F3EFB23 /* NoPaletteView.swift */; };
		AB99AD099C7EFC2391875FC1 /* PrivacyNoticeView.swift in Sources */ = {isa = PBXBuildFile; fileRef = CD9EDE3552ACC31FF37EA6C0 /* PrivacyNoticeView.swift */; };
		ACCEAC36A82E95A6D479E8C8 /* PersonalShooperWidgets.swift in Sources */ = {isa = PBXBuildFile; fileRef = D3791AD898833449685E1931 /* PersonalShooperWidgets.swift */; };
		B30E813019A960043DB3ED34 /* DailyOutfitLiveActivityController.swift in Sources */ = {isa = PBXBuildFile; fileRef = 8A4D2E55E40D8444C9CAEB2E /* DailyOutfitLiveActivityController.swift */; };
		B34A434CBFAA5DE5942A36EC /* OpenAIImageTryOnService.swift in Sources */ = {isa = PBXBuildFile; fileRef = B978023E09ED14E975CBAC7F /* OpenAIImageTryOnService.swift */; };
		B7956C019E4DCC97CCD786F4 /* AppState.swift in Sources */ = {isa = PBXBuildFile; fileRef = 8B363A0CA274E97397EC9DB8 /* AppState.swift */; };
		BEA3F10BE637E9E1ADB5CA26 /* CoreML.framework in Frameworks */ = {isa = PBXBuildFile; fileRef = 6BF2365E84C77E4390352F14 /* CoreML.framework */; };
		BF76F75BF73CF46001279010 /* PrivacySettingsView.swift in Sources */ = {isa = PBXBuildFile; fileRef = F8D383BDD5CF127A217023EF /* PrivacySettingsView.swift */; };
		BFA610C11777216A9B784D25 /* ImageIO.framework in Frameworks */ = {isa = PBXBuildFile; fileRef = 696BA670288F6524877B1351 /* ImageIO.framework */; };
		C10B2B0C5474EB53AE8DFB70 /* TryOnProviderService.swift in Sources */ = {isa = PBXBuildFile; fileRef = C64C978F98C2745ED0B2959D /* TryOnProviderService.swift */; };
		C3FD8490F8C3E2E9613206BC /* ClothingItem.swift in Sources */ = {isa = PBXBuildFile; fileRef = FEF58E4B0DA60D35304E89F4 /* ClothingItem.swift */; };
		C442FDDA7CC335E1B4B9160D /* AppleIntelligenceService.swift in Sources */ = {isa = PBXBuildFile; fileRef = 6E7DD8E4BD58EFE0B4841017 /* AppleIntelligenceService.swift */; };
		CA008943BC67D78156ED8EB5 /* Conversation.swift in Sources */ = {isa = PBXBuildFile; fileRef = BCE0DB96AC9E480300EB1EBA /* Conversation.swift */; };
		CC0B7E44E01CC434943435C9 /* User.swift in Sources */ = {isa = PBXBuildFile; fileRef = 75191249CD415955E041E75E /* User.swift */; };
		CC9D66D330135D4E336908C6 /* Speech.framework in Frameworks */ = {isa = PBXBuildFile; fileRef = 6CCE329E228B17589B6409BA /* Speech.framework */; };
		D37906D2C4BBDEBE9F4BFC6B /* MarkdownMessageView.swift in Sources */ = {isa = PBXBuildFile; fileRef = 1229F005E5F1340CB1DB60CA /* MarkdownMessageView.swift */; };
		D9E50A6A37DE7A5F580BCAF2 /* HealthKit.framework in Frameworks */ = {isa = PBXBuildFile; fileRef = A9C31A216ECCBD18B4C7B501 /* HealthKit.framework */; };
		DA5E1A4E155AF6503267E0E0 /* AppIntents.framework in Frameworks */ = {isa = PBXBuildFile; fileRef = 5054F6856E9D8B83341CA704 /* AppIntents.framework */; };
		DACBCD273EE65294C9B8BEB5 /* TryOnProviderSelectorView.swift in Sources */ = {isa = PBXBuildFile; fileRef = 6FFA05B1D029A7DF4330D050 /* TryOnProviderSelectorView.swift */; };
		DC287BA429B7BA24485C0EB7 /* DailyStyleRecommendationService.swift in Sources */ = {isa = PBXBuildFile; fileRef = 9930D7303F4819B3BD45519F /* DailyStyleRecommendationService.swift */; };
		DCD8FB0D2EBF406EEF3A87A1 /* CoreLocation.framework in Frameworks */ = {isa = PBXBuildFile; fileRef = 5F862D43B99551B439DD1416 /* CoreLocation.framework */; };
		DE4856C42D4622A5CE0A0395 /* ARWardrobeView.swift in Sources */ = {isa = PBXBuildFile; fileRef = 8D482CF83781BBC2FFC1FA7C /* ARWardrobeView.swift */; };
		E41BDD069AA2B2227756FB05 /* PalettePreferences.swift in Sources */ = {isa = PBXBuildFile; fileRef = 0F9943860D030691BD0D6D9D /* PalettePreferences.swift */; };
		E95C4A6D205754EE6FB65CEE /* TryOnViewModel.swift in Sources */ = {isa = PBXBuildFile; fileRef = D5FB969B5E70E76DC39DC291 /* TryOnViewModel.swift */; };
		EB8D7B65C7D282E1369B0FE9 /* AVFoundation.framework in Frameworks */ = {isa = PBXBuildFile; fileRef = C1493BFC2DCA2E075EB295B3 /* AVFoundation.framework */; };
		EBDBB8A8EE39AC246A419BAC /* LocalSecrets.plist in Resources */ = {isa = PBXBuildFile; fileRef = FB3C70C84EEE2DD594C836CE /* LocalSecrets.plist */; };
		EE4BFA4A390C124966233A83 /* StyleImageService.swift in Sources */ = {isa = PBXBuildFile; fileRef = D5520711C133FC4F26B4CC57 /* StyleImageService.swift */; };
		F49362CD3749B18ED79343C7 /* ARWorldMapStore.swift in Sources */ = {isa = PBXBuildFile; fileRef = 94CF616C04805D4E7D6AECCF /* ARWorldMapStore.swift */; };
		F556C0520A0F11D9E953452B /* PhotoAnalysisService.swift in Sources */ = {isa = PBXBuildFile; fileRef = 801EC4A943A9DEDBF03D24C2 /* PhotoAnalysisService.swift */; };
		F5B9D703441B8315F47248CF /* ImageConsulting.swift in Sources */ = {isa = PBXBuildFile; fileRef = FD0C9C27A7F650CF01C49E77 /* ImageConsulting.swift */; };
		FAB2438FEB64E57DD5187064 /* PrivacyInfo.xcprivacy in Resources */ = {isa = PBXBuildFile; fileRef = 5746CEAA41E96B2BC367DB40 /* PrivacyInfo.xcprivacy */; };
		FB12C3559703A574FB6795C1 /* StoreKit.framework in Frameworks */ = {isa = PBXBuildFile; fileRef = 7AD0B1B15B659FA75BE4E4A8 /* StoreKit.framework */; };
		FBCEDF6E4A1065AD39110EFA /* StyleUsageLearning.swift in Sources */ = {isa = PBXBuildFile; fileRef = 6E038F5F31EB01F96281EE64 /* StyleUsageLearning.swift */; };
		FCF7235DD9D851E88EEA06AE /* NamedPaletteLibrary.swift in Sources */ = {isa = PBXBuildFile; fileRef = 3D7695543F9650283615229D /* NamedPaletteLibrary.swift */; };
		FD6C8B36F65BFF1147894411 /* StorageBudgetManager.swift in Sources */ = {isa = PBXBuildFile; fileRef = FB2A62568EEF8B5371F8C149 /* StorageBudgetManager.swift */; };
		FE40DCAE3F3B3D8F14E1E2CF /* TryOnView.swift in Sources */ = {isa = PBXBuildFile; fileRef = 1C09A315901B54622384FDF8 /* TryOnView.swift */; };
/* End PBXBuildFile section */

/* Begin PBXContainerItemProxy section */
		993DBC92412AE1FDB73B1F1A /* PBXContainerItemProxy */ = {
			isa = PBXContainerItemProxy;
			containerPortal = D3798DEE3DF08AD1AEAF67C9 /* Project object */;
			proxyType = 1;
			remoteGlobalIDString = D19B5E2F93C0CE249A6DE4B2;
			remoteInfo = PersonalShooperWidgets;
		};
/* End PBXContainerItemProxy section */

/* Begin PBXCopyFilesBuildPhase section */
		061EFF56E3B7875A61D194AC /* Embed Foundation Extensions */ = {
			isa = PBXCopyFilesBuildPhase;
			buildActionMask = 2147483647;
			dstPath = "";
			dstSubfolderSpec = 13;
			files = (
				41394763B138850AE8CBCC2C /* PersonalShooperWidgets.appex in Embed Foundation Extensions */,
			);
			name = "Embed Foundation Extensions";
			runOnlyForDeploymentPostprocessing = 0;
		};
/* End PBXCopyFilesBuildPhase section */

/* Begin PBXFileReference section */
		07644CA6E4DED93F1DF5E841 /* GeminiTryOnService.swift */ = {isa = PBXFileReference; lastKnownFileType = sourcecode.swift; path = GeminiTryOnService.swift; sourceTree = "<group>"; };
		07A463B1685183813B5F117D /* PaletteQuestionnaireView.swift */ = {isa = PBXFileReference; lastKnownFileType = sourcecode.swift; path = PaletteQuestionnaireView.swift; sourceTree = "<group>"; };
		09FF0E63584DE9B020E60B2D /* GarmentBackgroundRemovalService.swift */ = {isa = PBXFileReference; lastKnownFileType = sourcecode.swift; path = GarmentBackgroundRemovalService.swift; sourceTree = "<group>"; };
		0F9943860D030691BD0D6D9D /* PalettePreferences.swift */ = {isa = PBXFileReference; lastKnownFileType = sourcecode.swift; path = PalettePreferences.swift; sourceTree = "<group>"; };
		1229F005E5F1340CB1DB60CA /* MarkdownMessageView.swift */ = {isa = PBXFileReference; lastKnownFileType = sourcecode.swift; path = MarkdownMessageView.swift; sourceTree = "<group>"; };
		14A10A268571DD14DAE2AC68 /* SettingsView.swift */ = {isa = PBXFileReference; lastKnownFileType = sourcecode.swift; path = SettingsView.swift; sourceTree = "<group>"; };
		1986786BD0DF89A0E35BF53F /* CalendarSyncService.swift */ = {isa = PBXFileReference; lastKnownFileType = sourcecode.swift; path = CalendarSyncService.swift; sourceTree = "<group>"; };
		19BB0EC9E5FD96FD35B95960 /* ClosetView.swift */ = {isa = PBXFileReference; lastKnownFileType = sourcecode.swift; path = ClosetView.swift; sourceTree = "<group>"; };
		1C09A315901B54622384FDF8 /* TryOnView.swift */ = {isa = PBXFileReference; lastKnownFileType = sourcecode.swift; path = TryOnView.swift; sourceTree = "<group>"; };
		21839F5E1A00CE50CB86ECE0 /* StyleCompanionSharedModels.swift */ = {isa = PBXFileReference; lastKnownFileType = sourcecode.swift; path = StyleCompanionSharedModels.swift; sourceTree = "<group>"; };
		22B513CBC4BAB4CB39A8A5F4 /* ChatWorkspaceService.swift */ = {isa = PBXFileReference; lastKnownFileType = sourcecode.swift; path = ChatWorkspaceService.swift; sourceTree = "<group>"; };
		240EFBF7F344857485B932CA /* SkinColorScience.swift */ = {isa = PBXFileReference; lastKnownFileType = sourcecode.swift; path = SkinColorScience.swift; sourceTree = "<group>"; };
		29234E3D44AC31BAF09AC91C /* DailyStyleRecommendationIntent.swift */ = {isa = PBXFileReference; lastKnownFileType = sourcecode.swift; path = DailyStyleRecommendationIntent.swift; sourceTree = "<group>"; };
		2A108E1DDE75B55664093E03 /* Theme.swift */ = {isa = PBXFileReference; lastKnownFileType = sourcecode.swift; path = Theme.swift; sourceTree = "<group>"; };
		34AFCF10CCF52E8D34E8B4F7 /* HomeView.swift */ = {isa = PBXFileReference; lastKnownFileType = sourcecode.swift; path = HomeView.swift; sourceTree = "<group>"; };
		3C3A6D967523FBE144BC1419 /* Language.swift */ = {isa = PBXFileReference; lastKnownFileType = sourcecode.swift; path = Language.swift; sourceTree = "<group>"; };
		3D7695543F9650283615229D /* NamedPaletteLibrary.swift */ = {isa = PBXFileReference; lastKnownFileType = sourcecode.swift; path = NamedPaletteLibrary.swift; sourceTree = "<group>"; };
		40F78EBA23E4FB4692771AFB /* MainTabView.swift */ = {isa = PBXFileReference; lastKnownFileType = sourcecode.swift; path = MainTabView.swift; sourceTree = "<group>"; };
		468C44B82C05D68A858BA53F /* PersonalShooper.entitlements */ = {isa = PBXFileReference; lastKnownFileType = text.plist.entitlements; path = PersonalShooper.entitlements; sourceTree = "<group>"; };
		4ED6A1E503E280CED9735D85 /* Vision.framework */ = {isa = PBXFileReference; lastKnownFileType = wrapper.framework; name = Vision.framework; path = System/Library/Frameworks/Vision.framework; sourceTree = SDKROOT; };
		4F02C52326CCBAD4FE94EE7F /* PersonalShooperApp.swift */ = {isa = PBXFileReference; lastKnownFileType = sourcecode.swift; path = PersonalShooperApp.swift; sourceTree = "<group>"; };
		5054F6856E9D8B83341CA704 /* AppIntents.framework */ = {isa = PBXFileReference; lastKnownFileType = wrapper.framework; name = AppIntents.framework; path = System/Library/Frameworks/AppIntents.framework; sourceTree = SDKROOT; };
		5282E7D8283CAD8C53A8C2D3 /* Assets.xcassets */ = {isa = PBXFileReference; lastKnownFileType = folder.assetcatalog; path = Assets.xcassets; sourceTree = "<group>"; };
		53B431330B6114373317E0BF /* ClothingClassificationService.swift */ = {isa = PBXFileReference; lastKnownFileType = sourcecode.swift; path = ClothingClassificationService.swift; sourceTree = "<group>"; };
		56173F3B4C47A44171AD4425 /* WidgetKit.framework */ = {isa = PBXFileReference; lastKnownFileType = wrapper.framework; name = WidgetKit.framework; path = System/Library/Frameworks/WidgetKit.framework; sourceTree = SDKROOT; };
		5746CEAA41E96B2BC367DB40 /* PrivacyInfo.xcprivacy */ = {isa = PBXFileReference; path = PrivacyInfo.xcprivacy; sourceTree = "<group>"; };
		5A0B0FBE0E8E36BB78F3EFB2 /* OutfitCalendarEntry.swift */ = {isa = PBXFileReference; lastKnownFileType = sourcecode.swift; path = OutfitCalendarEntry.swift; sourceTree = "<group>"; };
		5F862D43B99551B439DD1416 /* CoreLocation.framework */ = {isa = PBXFileReference; lastKnownFileType = wrapper.framework; name = CoreLocation.framework; path = System/Library/Frameworks/CoreLocation.framework; sourceTree = SDKROOT; };
		6672AC4BB8B6FF22DEC32B04 /* EditProfileView.swift */ = {isa = PBXFileReference; lastKnownFileType = sourcecode.swift; path = EditProfileView.swift; sourceTree = "<group>"; };
		66B45EAFDE59A049CE181887 /* ARKit.framework */ = {isa = PBXFileReference; lastKnownFileType = wrapper.framework; name = ARKit.framework; path = System/Library/Frameworks/ARKit.framework; sourceTree = SDKROOT; };
		67CB9660E43A91A53D5BA20C /* BYOKSettingsView.swift */ = {isa = PBXFileReference; lastKnownFileType = sourcecode.swift; path = BYOKSettingsView.swift; sourceTree = "<group>"; };
		696BA670288F6524877B1351 /* ImageIO.framework */ = {isa = PBXFileReference; lastKnownFileType = wrapper.framework; name = ImageIO.framework; path = System/Library/Frameworks/ImageIO.framework; sourceTree = SDKROOT; };
		6BF2365E84C77E4390352F14 /* CoreML.framework */ = {isa = PBXFileReference; lastKnownFileType = wrapper.framework; name = CoreML.framework; path = System/Library/Frameworks/CoreML.framework; sourceTree = SDKROOT; };
		6CCE329E228B17589B6409BA /* Speech.framework */ = {isa = PBXFileReference; lastKnownFileType = wrapper.framework; name = Speech.framework; path = System/Library/Frameworks/Speech.framework; sourceTree = SDKROOT; };
		6E038F5F31EB01F96281EE64 /* StyleUsageLearning.swift */ = {isa = PBXFileReference; lastKnownFileType = sourcecode.swift; path = StyleUsageLearning.swift; sourceTree = "<group>"; };
		6E7DD8E4BD58EFE0B4841017 /* AppleIntelligenceService.swift */ = {isa = PBXFileReference; lastKnownFileType = sourcecode.swift; path = AppleIntelligenceService.swift; sourceTree = "<group>"; };
		6FFA05B1D029A7DF4330D050 /* TryOnProviderSelectorView.swift */ = {isa = PBXFileReference; lastKnownFileType = sourcecode.swift; path = TryOnProviderSelectorView.swift; sourceTree = "<group>"; };
		7327AED235F37BA65C119031 /* SkinToneExtractor.swift */ = {isa = PBXFileReference; lastKnownFileType = sourcecode.swift; path = SkinToneExtractor.swift; sourceTree = "<group>"; };
		73717A299BB71F7BD77AAAD1 /* PersonalShooper.app */ = {isa = PBXFileReference; includeInIndex = 0; lastKnownFileType = wrapper.application; path = PersonalShooper.app; sourceTree = BUILT_PRODUCTS_DIR; };
		75191249CD415955E041E75E /* User.swift */ = {isa = PBXFileReference; lastKnownFileType = sourcecode.swift; path = User.swift; sourceTree = "<group>"; };
		75FF91397AF47465ED682DC4 /* ARViewModel.swift */ = {isa = PBXFileReference; lastKnownFileType = sourcecode.swift; path = ARViewModel.swift; sourceTree = "<group>"; };
		766A659F42DDB9940AEB6B69 /* SubscriptionView.swift */ = {isa = PBXFileReference; lastKnownFileType = sourcecode.swift; path = SubscriptionView.swift; sourceTree = "<group>"; };
		790B3A3D0AEA3565A91D612F /* BYOKChatService.swift */ = {isa = PBXFileReference; lastKnownFileType = sourcecode.swift; path = BYOKChatService.swift; sourceTree = "<group>"; };
		7AD0B1B15B659FA75BE4E4A8 /* StoreKit.framework */ = {isa = PBXFileReference; lastKnownFileType = wrapper.framework; name = StoreKit.framework; path = System/Library/Frameworks/StoreKit.framework; sourceTree = SDKROOT; };
		7EF7BAD7DB2535F793FD5A3B /* ClothingCaptureView.swift */ = {isa = PBXFileReference; lastKnownFileType = sourcecode.swift; path = ClothingCaptureView.swift; sourceTree = "<group>"; };
		7F9F8FA5342F6CB71FCD82D8 /* PaletteGenerationService.swift */ = {isa = PBXFileReference; lastKnownFileType = sourcecode.swift; path = PaletteGenerationService.swift; sourceTree = "<group>"; };
		801EC4A943A9DEDBF03D24C2 /* PhotoAnalysisService.swift */ = {isa = PBXFileReference; lastKnownFileType = sourcecode.swift; path = PhotoAnalysisService.swift; sourceTree = "<group>"; };
		839E6E6C98B89B75F3114776 /* FoundationModels.framework */ = {isa = PBXFileReference; lastKnownFileType = wrapper.framework; name = FoundationModels.framework; path = System/Library/Frameworks/FoundationModels.framework; sourceTree = SDKROOT; };
		86FB13AAA6D0B1AC46C0EB4A /* RealityKit.framework */ = {isa = PBXFileReference; lastKnownFileType = wrapper.framework; name = RealityKit.framework; path = System/Library/Frameworks/RealityKit.framework; sourceTree = SDKROOT; };
		887D2B4D0108C64CA67CDCD2 /* Analysis.swift */ = {isa = PBXFileReference; lastKnownFileType = sourcecode.swift; path = Analysis.swift; sourceTree = "<group>"; };
		8A4D2E55E40D8444C9CAEB2E /* DailyOutfitLiveActivityController.swift */ = {isa = PBXFileReference; lastKnownFileType = sourcecode.swift; path = DailyOutfitLiveActivityController.swift; sourceTree = "<group>"; };
		8B363A0CA274E97397EC9DB8 /* AppState.swift */ = {isa = PBXFileReference; lastKnownFileType = sourcecode.swift; path = AppState.swift; sourceTree = "<group>"; };
		8BBC1DD3428E0BC69EC95B25 /* OutfitWeatherService.swift */ = {isa = PBXFileReference; lastKnownFileType = sourcecode.swift; path = OutfitWeatherService.swift; sourceTree = "<group>"; };
		8D482CF83781BBC2FFC1FA7C /* ARWardrobeView.swift */ = {isa = PBXFileReference; lastKnownFileType = sourcecode.swift; path = ARWardrobeView.swift; sourceTree = "<group>"; };
		8D6E5F1F18EA2BFCCA1B55CC /* EventKit.framework */ = {isa = PBXFileReference; lastKnownFileType = wrapper.framework; name = EventKit.framework; path = System/Library/Frameworks/EventKit.framework; sourceTree = SDKROOT; };
		8DDF9FDCD8E01003E6C79E4D /* KeychainHelper.swift */ = {isa = PBXFileReference; lastKnownFileType = sourcecode.swift; path = KeychainHelper.swift; sourceTree = "<group>"; };
		92543E17BB683B062F3EFB23 /* NoPaletteView.swift */ = {isa = PBXFileReference; lastKnownFileType = sourcecode.swift; path = NoPaletteView.swift; sourceTree = "<group>"; };
		94CF616C04805D4E7D6AECCF /* ARWorldMapStore.swift */ = {isa = PBXFileReference; lastKnownFileType = sourcecode.swift; path = ARWorldMapStore.swift; sourceTree = "<group>"; };
		9930D7303F4819B3BD45519F /* DailyStyleRecommendationService.swift */ = {isa = PBXFileReference; lastKnownFileType = sourcecode.swift; path = DailyStyleRecommendationService.swift; sourceTree = "<group>"; };
		A1C9C935FC5AA7125DABD554 /* ConnectedChatGPTService.swift */ = {isa = PBXFileReference; lastKnownFileType = sourcecode.swift; path = ConnectedChatGPTService.swift; sourceTree = "<group>"; };
		A4089E6DAF71F0651193DF6A /* ChatView.swift */ = {isa = PBXFileReference; lastKnownFileType = sourcecode.swift; path = ChatView.swift; sourceTree = "<group>"; };
		A9C31A216ECCBD18B4C7B501 /* HealthKit.framework */ = {isa = PBXFileReference; lastKnownFileType = wrapper.framework; name = HealthKit.framework; path = System/Library/Frameworks/HealthKit.framework; sourceTree = SDKROOT; };
		B5A1849B39FF49CF07703B97 /* PhotoUploadView.swift */ = {isa = PBXFileReference; lastKnownFileType = sourcecode.swift; path = PhotoUploadView.swift; sourceTree = "<group>"; };
		B61150CC96A83FB5725565FE /* OnboardingView.swift */ = {isa = PBXFileReference; lastKnownFileType = sourcecode.swift; path = OnboardingView.swift; sourceTree = "<group>"; };
		B668A8B26EAD43C074CA3718 /* Photos.framework */ = {isa = PBXFileReference; lastKnownFileType = wrapper.framework; name = Photos.framework; path = System/Library/Frameworks/Photos.framework; sourceTree = SDKROOT; };
		B8FA979C7376DB822AF8BB74 /* Info.plist */ = {isa = PBXFileReference; lastKnownFileType = text.plist; path = Info.plist; sourceTree = "<group>"; };
		B91596BEA9384DA00403FD9C /* PersonalShooperWidgets.entitlements */ = {isa = PBXFileReference; lastKnownFileType = text.plist.entitlements; path = PersonalShooperWidgets.entitlements; sourceTree = "<group>"; };
		B978023E09ED14E975CBAC7F /* OpenAIImageTryOnService.swift */ = {isa = PBXFileReference; lastKnownFileType = sourcecode.swift; path = OpenAIImageTryOnService.swift; sourceTree = "<group>"; };
		BCE0DB96AC9E480300EB1EBA /* Conversation.swift */ = {isa = PBXFileReference; lastKnownFileType = sourcecode.swift; path = Conversation.swift; sourceTree = "<group>"; };
		BECF652589720B2AB223F1A5 /* TryOnService.swift */ = {isa = PBXFileReference; lastKnownFileType = sourcecode.swift; path = TryOnService.swift; sourceTree = "<group>"; };
		C1493BFC2DCA2E075EB295B3 /* AVFoundation.framework */ = {isa = PBXFileReference; lastKnownFileType = wrapper.framework; name = AVFoundation.framework; path = System/Library/Frameworks/AVFoundation.framework; sourceTree = SDKROOT; };
		C60D3A6162BD54D67849660B /* OutfitCalendarView.swift */ = {isa = PBXFileReference; lastKnownFileType = sourcecode.swift; path = OutfitCalendarView.swift; sourceTree = "<group>"; };
		C64C978F98C2745ED0B2959D /* TryOnProviderService.swift */ = {isa = PBXFileReference; lastKnownFileType = sourcecode.swift; path = TryOnProviderService.swift; sourceTree = "<group>"; };
		C953B3EF34621286495A48CD /* PaletteGenerationOverlay.swift */ = {isa = PBXFileReference; lastKnownFileType = sourcecode.swift; path = PaletteGenerationOverlay.swift; sourceTree = "<group>"; };
		CCF43F9E1D797C468B6BA7DD /* ProfileView.swift */ = {isa = PBXFileReference; lastKnownFileType = sourcecode.swift; path = ProfileView.swift; sourceTree = "<group>"; };
		CD9EDE3552ACC31FF37EA6C0 /* PrivacyNoticeView.swift */ = {isa = PBXFileReference; lastKnownFileType = sourcecode.swift; path = PrivacyNoticeView.swift; sourceTree = "<group>"; };
		D0875A8396A9D56BC3A5EDC4 /* PersonalShooperWidgets.appex */ = {isa = PBXFileReference; includeInIndex = 0; lastKnownFileType = "wrapper.app-extension"; path = PersonalShooperWidgets.appex; sourceTree = BUILT_PRODUCTS_DIR; };
		D3791AD898833449685E1931 /* PersonalShooperWidgets.swift */ = {isa = PBXFileReference; lastKnownFileType = sourcecode.swift; path = PersonalShooperWidgets.swift; sourceTree = "<group>"; };
		D5520711C133FC4F26B4CC57 /* StyleImageService.swift */ = {isa = PBXFileReference; lastKnownFileType = sourcecode.swift; path = StyleImageService.swift; sourceTree = "<group>"; };
		D57994BF42D7F63E35E06E71 /* HealthKitService.swift */ = {isa = PBXFileReference; lastKnownFileType = sourcecode.swift; path = HealthKitService.swift; sourceTree = "<group>"; };
		D5FB969B5E70E76DC39DC291 /* TryOnViewModel.swift */ = {isa = PBXFileReference; lastKnownFileType = sourcecode.swift; path = TryOnViewModel.swift; sourceTree = "<group>"; };
		D7BF33F1413C0F51AB610238 /* NaturalLanguage.framework */ = {isa = PBXFileReference; lastKnownFileType = wrapper.framework; name = NaturalLanguage.framework; path = System/Library/Frameworks/NaturalLanguage.framework; sourceTree = SDKROOT; };
		D9CB73AB525291BFF15F6371 /* AssistantPersona.swift */ = {isa = PBXFileReference; lastKnownFileType = sourcecode.swift; path = AssistantPersona.swift; sourceTree = "<group>"; };
		DE3DB318DDEB8829D50DAF8E /* ChatViewModel.swift */ = {isa = PBXFileReference; lastKnownFileType = sourcecode.swift; path = ChatViewModel.swift; sourceTree = "<group>"; };
		DEB55ADD2421C6AF55D2214F /* StoreKitManager.swift */ = {isa = PBXFileReference; lastKnownFileType = sourcecode.swift; path = StoreKitManager.swift; sourceTree = "<group>"; };
		E0F5DF7DC961194CD0085855 /* ClothingClassifierService.swift */ = {isa = PBXFileReference; lastKnownFileType = sourcecode.swift; path = ClothingClassifierService.swift; sourceTree = "<group>"; };
		E58920E30E5594D3CD345F90 /* ProfileStorageService.swift */ = {isa = PBXFileReference; lastKnownFileType = sourcecode.swift; path = ProfileStorageService.swift; sourceTree = "<group>"; };
		F0193CFAD6A6CBFF02EB135C /* AppSecrets.swift */ = {isa = PBXFileReference; lastKnownFileType = sourcecode.swift; path = AppSecrets.swift; sourceTree = "<group>"; };
		F7F6379FDA7965A63D928299 /* DailyOutfitReminderScheduler.swift */ = {isa = PBXFileReference; lastKnownFileType = sourcecode.swift; path = DailyOutfitReminderScheduler.swift; sourceTree = "<group>"; };
		F8B211635931589A61159A50 /* Info.plist */ = {isa = PBXFileReference; lastKnownFileType = text.plist; path = Info.plist; sourceTree = "<group>"; };
		F8D383BDD5CF127A217023EF /* PrivacySettingsView.swift */ = {isa = PBXFileReference; lastKnownFileType = sourcecode.swift; path = PrivacySettingsView.swift; sourceTree = "<group>"; };
		FAC8515ECFA5F640EACA07DA /* CloudKitManager.swift */ = {isa = PBXFileReference; lastKnownFileType = sourcecode.swift; path = CloudKitManager.swift; sourceTree = "<group>"; };
		FB2A62568EEF8B5371F8C149 /* StorageBudgetManager.swift */ = {isa = PBXFileReference; lastKnownFileType = sourcecode.swift; path = StorageBudgetManager.swift; sourceTree = "<group>"; };
		FB3C70C84EEE2DD594C836CE /* LocalSecrets.plist */ = {isa = PBXFileReference; lastKnownFileType = text.plist; path = LocalSecrets.plist; sourceTree = "<group>"; };
		FBABC5D5EE29FF5A45A135E0 /* Strings.swift */ = {isa = PBXFileReference; lastKnownFileType = sourcecode.swift; path = Strings.swift; sourceTree = "<group>"; };
		FD0C9C27A7F650CF01C49E77 /* ImageConsulting.swift */ = {isa = PBXFileReference; lastKnownFileType = sourcecode.swift; path = ImageConsulting.swift; sourceTree = "<group>"; };
		FEF58E4B0DA60D35304E89F4 /* ClothingItem.swift */ = {isa = PBXFileReference; lastKnownFileType = sourcecode.swift; path = ClothingItem.swift; sourceTree = "<group>"; };
		FF4CAFB822A3E2AB7DDE2D5C /* ARClothingPlacement.swift */ = {isa = PBXFileReference; lastKnownFileType = sourcecode.swift; path = ARClothingPlacement.swift; sourceTree = "<group>"; };
/* End PBXFileReference section */

/* Begin PBXFrameworksBuildPhase section */
		9CE5591D0F887539CE32ED08 /* Frameworks */ = {
			isa = PBXFrameworksBuildPhase;
			buildActionMask = 2147483647;
			files = (
				6119AF129AC9A908E3A2F527 /* WidgetKit.framework in Frameworks */,
				DA5E1A4E155AF6503267E0E0 /* AppIntents.framework in Frameworks */,
			);
			runOnlyForDeploymentPostprocessing = 0;
		};
		E8AEA5536B20BBFCF6B07D37 /* Frameworks */ = {
			isa = PBXFrameworksBuildPhase;
			buildActionMask = 2147483647;
			files = (
				05069C0EAD0E552AEDF2F21C /* FoundationModels.framework in Frameworks */,
				D9E50A6A37DE7A5F580BCAF2 /* HealthKit.framework in Frameworks */,
				2659D2E917EC254A0E435A66 /* ARKit.framework in Frameworks */,
				A1AC246B1908ADE13EBB7C9C /* RealityKit.framework in Frameworks */,
				1B8427145F72DD383FBA32D7 /* Vision.framework in Frameworks */,
				BEA3F10BE637E9E1ADB5CA26 /* CoreML.framework in Frameworks */,
				3718448A7CC5752B599E04F4 /* NaturalLanguage.framework in Frameworks */,
				FB12C3559703A574FB6795C1 /* StoreKit.framework in Frameworks */,
				EB8D7B65C7D282E1369B0FE9 /* AVFoundation.framework in Frameworks */,
				46C1F0712295BAB1F6BA9E95 /* Photos.framework in Frameworks */,
				CC9D66D330135D4E336908C6 /* Speech.framework in Frameworks */,
				BFA610C11777216A9B784D25 /* ImageIO.framework in Frameworks */,
				374C8C3F159E42CC3107FCE0 /* EventKit.framework in Frameworks */,
				DCD8FB0D2EBF406EEF3A87A1 /* CoreLocation.framework in Frameworks */,
				52ABCBE5722A745FEA2EF801 /* AppIntents.framework in Frameworks */,
				648D6C49BD792F7A3CE4AE3D /* WidgetKit.framework in Frameworks */,
			);
			runOnlyForDeploymentPostprocessing = 0;
		};
/* End PBXFrameworksBuildPhase section */

/* Begin PBXGroup section */
		070341B40994C0379FFE0141 /* Components */ = {
			isa = PBXGroup;
			children = (
			);
			path = Components;
			sourceTree = "<group>";
		};
		0C595B9A93E2A1119651981A /* Core */ = {
			isa = PBXGroup;
			children = (
				9C97D373A37950946C34A0A4 /* CloudKit */,
				E750490213254BA0AAAC4702 /* Components */,
				8090C96A4E4C28B25A503A51 /* Design */,
				118CC7C4EFB1C2CA821A31EC /* Extensions */,
				B9967EF5855633FD14C5D37F /* Navigation */,
				4497C8577E668BF8103494AE /* Security */,
				A074EF61D2BFD75720ACA085 /* Utilities */,
			);
			path = Core;
			sourceTree = "<group>";
		};
		0F1125A65829BE90766B542A /* Services */ = {
			isa = PBXGroup;
			children = (
				53B431330B6114373317E0BF /* ClothingClassificationService.swift */,
				E0F5DF7DC961194CD0085855 /* ClothingClassifierService.swift */,
			);
			path = Services;
			sourceTree = "<group>";
		};
		0FCA91EE7701961F2A1D175D /* Views */ = {
			isa = PBXGroup;
			children = (
				6FFA05B1D029A7DF4330D050 /* TryOnProviderSelectorView.swift */,
				1C09A315901B54622384FDF8 /* TryOnView.swift */,
			);
			path = Views;
			sourceTree = "<group>";
		};
		118CC7C4EFB1C2CA821A31EC /* Extensions */ = {
			isa = PBXGroup;
			children = (
			);
			path = Extensions;
			sourceTree = "<group>";
		};
		197EDF495D2626DAE0BF173D /* Profile */ = {
			isa = PBXGroup;
			children = (
				A4790A7706F74ECDF5579B68 /* Services */,
				BF598A8B19671F0CACD48E58 /* ViewModels */,
				BBD514DB7A8AA2852AE94DD3 /* Views */,
			);
			path = Profile;
			sourceTree = "<group>";
		};
		1F8F36A9A4EADB50C0E992E9 /* Chat */ = {
			isa = PBXGroup;
			children = (
				D8E2970902FD13ECCA4090B5 /* Services */,
				6C3ABC38892189882EFEA7DC /* ViewModels */,
				5F985D3BF3B2C8E9457A353D /* Views */,
			);
			path = Chat;
			sourceTree = "<group>";
		};
		1FEE43DEDA1024DF1F7D1A66 /* Calendar */ = {
			isa = PBXGroup;
			children = (
				9EBC0A80EE8498E1A71E28B4 /* Services */,
				3A64C5102C099C513D80C26B /* Views */,
			);
			path = Calendar;
			sourceTree = "<group>";
		};
		352453E30488D6BB26248AAB /* Resources */ = {
			isa = PBXGroup;
			children = (
				5282E7D8283CAD8C53A8C2D3 /* Assets.xcassets */,
			);
			path = Resources;
			sourceTree = "<group>";
		};
		3A64C5102C099C513D80C26B /* Views */ = {
			isa = PBXGroup;
			children = (
				C60D3A6162BD54D67849660B /* OutfitCalendarView.swift */,
			);
			path = Views;
			sourceTree = "<group>";
		};
		3DFAA1F5BCD6BD0EC042111E /* Recommendations */ = {
			isa = PBXGroup;
			children = (
				AB699ECE17D33720712EFBEB /* Intents */,
				6D4E43A2B6D7D692DB2B487B /* Services */,
			);
			path = Recommendations;
			sourceTree = "<group>";
		};
		4497C8577E668BF8103494AE /* Security */ = {
			isa = PBXGroup;
			children = (
			);
			path = Security;
			sourceTree = "<group>";
		};
		467E13B4DBAA7420CFEEC9EE /* Views */ = {
			isa = PBXGroup;
			children = (
				19BB0EC9E5FD96FD35B95960 /* ClosetView.swift */,
				7EF7BAD7DB2535F793FD5A3B /* ClothingCaptureView.swift */,
			);
			path = Views;
			sourceTree = "<group>";
		};
		4C456B982B166B907573DAB8 /* PersonalShooper */ = {
			isa = PBXGroup;
			children = (
				F8B211635931589A61159A50 /* Info.plist */,
				FB3C70C84EEE2DD594C836CE /* LocalSecrets.plist */,
				468C44B82C05D68A858BA53F /* PersonalShooper.entitlements */,
				5746CEAA41E96B2BC367DB40 /* PrivacyInfo.xcprivacy */,
				5E7EF87F44037C7A719EEABF /* App */,
				0C595B9A93E2A1119651981A /* Core */,
				60108D2572ADA911BBA709C4 /* Features */,
				CB32715B8022A805297F433E /* Models */,
				352453E30488D6BB26248AAB /* Resources */,
				F1747B14FEAC04F6D478151A /* Shared */,
			);
			path = PersonalShooper;
			sourceTree = "<group>";
		};
		5758F9FCFF9CF436F6F8750C /* Closet */ = {
			isa = PBXGroup;
			children = (
				0F1125A65829BE90766B542A /* Services */,
				AB4C527453CBCE3EFE2291C8 /* ViewModels */,
				467E13B4DBAA7420CFEEC9EE /* Views */,
			);
			path = Closet;
			sourceTree = "<group>";
		};
		57BEAB0C2ABF5CABDC20BC47 /* Onboarding */ = {
			isa = PBXGroup;
			children = (
				F52A937E2A4AD53A9964FFD4 /* Views */,
			);
			path = Onboarding;
			sourceTree = "<group>";
		};
		5E7EF87F44037C7A719EEABF /* App */ = {
			isa = PBXGroup;
			children = (
				F0193CFAD6A6CBFF02EB135C /* AppSecrets.swift */,
				8B363A0CA274E97397EC9DB8 /* AppState.swift */,
				D9CB73AB525291BFF15F6371 /* AssistantPersona.swift */,
				3C3A6D967523FBE144BC1419 /* Language.swift */,
				4F02C52326CCBAD4FE94EE7F /* PersonalShooperApp.swift */,
			);
			path = App;
			sourceTree = "<group>";
		};
		5F985D3BF3B2C8E9457A353D /* Views */ = {
			isa = PBXGroup;
			children = (
				A4089E6DAF71F0651193DF6A /* ChatView.swift */,
				34AFCF10CCF52E8D34E8B4F7 /* HomeView.swift */,
				1229F005E5F1340CB1DB60CA /* MarkdownMessageView.swift */,
				14A10A268571DD14DAE2AC68 /* SettingsView.swift */,
			);
			path = Views;
			sourceTree = "<group>";
		};
		60108D2572ADA911BBA709C4 /* Features */ = {
			isa = PBXGroup;
			children = (
				9E59AECEB05D9C18A33B8AEF /* AR */,
				1FEE43DEDA1024DF1F7D1A66 /* Calendar */,
				1F8F36A9A4EADB50C0E992E9 /* Chat */,
				5758F9FCFF9CF436F6F8750C /* Closet */,
				57BEAB0C2ABF5CABDC20BC47 /* Onboarding */,
				197EDF495D2626DAE0BF173D /* Profile */,
				3DFAA1F5BCD6BD0EC042111E /* Recommendations */,
				70A5C36302E5C63A84EDB6BA /* Subscription */,
				8714ADA65FF97B3B950DC210 /* TryOn */,
			);
			path = Features;
			sourceTree = "<group>";
		};
		6C3ABC38892189882EFEA7DC /* ViewModels */ = {
			isa = PBXGroup;
			children = (
				DE3DB318DDEB8829D50DAF8E /* ChatViewModel.swift */,
			);
			path = ViewModels;
			sourceTree = "<group>";
		};
		6D4E43A2B6D7D692DB2B487B /* Services */ = {
			isa = PBXGroup;
			children = (
				1986786BD0DF89A0E35BF53F /* CalendarSyncService.swift */,
				8A4D2E55E40D8444C9CAEB2E /* DailyOutfitLiveActivityController.swift */,
				F7F6379FDA7965A63D928299 /* DailyOutfitReminderScheduler.swift */,
				9930D7303F4819B3BD45519F /* DailyStyleRecommendationService.swift */,
			);
			path = Services;
			sourceTree = "<group>";
		};
		70A5C36302E5C63A84EDB6BA /* Subscription */ = {
			isa = PBXGroup;
			children = (
				DEB55ADD2421C6AF55D2214F /* StoreKitManager.swift */,
				E5F10DE81FC7D6DDC3D5F15C /* Services */,
				EB1396CE1006BAA051C61AB0 /* ViewModels */,
				F6D013AB865A4C2973E37D2E /* Views */,
			);
			path = Subscription;
			sourceTree = "<group>";
		};
		7725276DA57A31354993A0AE /* Services */ = {
			isa = PBXGroup;
			children = (
				07644CA6E4DED93F1DF5E841 /* GeminiTryOnService.swift */,
				B978023E09ED14E975CBAC7F /* OpenAIImageTryOnService.swift */,
				C64C978F98C2745ED0B2959D /* TryOnProviderService.swift */,
				BECF652589720B2AB223F1A5 /* TryOnService.swift */,
			);
			path = Services;
			sourceTree = "<group>";
		};
		7B7E65336DEA0D9AAFDCE8B0 /* Products */ = {
			isa = PBXGroup;
			children = (
				73717A299BB71F7BD77AAAD1 /* PersonalShooper.app */,
				D0875A8396A9D56BC3A5EDC4 /* PersonalShooperWidgets.appex */,
			);
			name = Products;
			sourceTree = "<group>";
		};
		8090C96A4E4C28B25A503A51 /* Design */ = {
			isa = PBXGroup;
			children = (
				FBABC5D5EE29FF5A45A135E0 /* Strings.swift */,
				2A108E1DDE75B55664093E03 /* Theme.swift */,
				070341B40994C0379FFE0141 /* Components */,
			);
			path = Design;
			sourceTree = "<group>";
		};
		83F8103D58A43A1CE84160CB = {
			isa = PBXGroup;
			children = (
				4C456B982B166B907573DAB8 /* PersonalShooper */,
				C6E387D2C19199104A1C1174 /* PersonalShooperWidgets */,
				E0C0E280F57A65C3E933ADCE /* Frameworks */,
				7B7E65336DEA0D9AAFDCE8B0 /* Products */,
			);
			sourceTree = "<group>";
		};
		8714ADA65FF97B3B950DC210 /* TryOn */ = {
			isa = PBXGroup;
			children = (
				7725276DA57A31354993A0AE /* Services */,
				F04364BBF06BD3E974883EAA /* ViewModels */,
				0FCA91EE7701961F2A1D175D /* Views */,
			);
			path = TryOn;
			sourceTree = "<group>";
		};
		9C97D373A37950946C34A0A4 /* CloudKit */ = {
			isa = PBXGroup;
			children = (
				FAC8515ECFA5F640EACA07DA /* CloudKitManager.swift */,
			);
			path = CloudKit;
			sourceTree = "<group>";
		};
		9E59AECEB05D9C18A33B8AEF /* AR */ = {
			isa = PBXGroup;
			children = (
				FC86F1CE56FFD91AA67FB11B /* Services */,
				E8E187959A451D1F93E2D6A5 /* ViewModels */,
				CDBFB35D277A587B26645EDC /* Views */,
			);
			path = AR;
			sourceTree = "<group>";
		};
		9EBC0A80EE8498E1A71E28B4 /* Services */ = {
			isa = PBXGroup;
			children = (
				8BBC1DD3428E0BC69EC95B25 /* OutfitWeatherService.swift */,
			);
			path = Services;
			sourceTree = "<group>";
		};
		A074EF61D2BFD75720ACA085 /* Utilities */ = {
			isa = PBXGroup;
			children = (
				09FF0E63584DE9B020E60B2D /* GarmentBackgroundRemovalService.swift */,
				8DDF9FDCD8E01003E6C79E4D /* KeychainHelper.swift */,
				FB2A62568EEF8B5371F8C149 /* StorageBudgetManager.swift */,
			);
			path = Utilities;
			sourceTree = "<group>";
		};
		A4790A7706F74ECDF5579B68 /* Services */ = {
			isa = PBXGroup;
			children = (
				D57994BF42D7F63E35E06E71 /* HealthKitService.swift */,
				3D7695543F9650283615229D /* NamedPaletteLibrary.swift */,
				7F9F8FA5342F6CB71FCD82D8 /* PaletteGenerationService.swift */,
				0F9943860D030691BD0D6D9D /* PalettePreferences.swift */,
				801EC4A943A9DEDBF03D24C2 /* PhotoAnalysisService.swift */,
				E58920E30E5594D3CD345F90 /* ProfileStorageService.swift */,
				240EFBF7F344857485B932CA /* SkinColorScience.swift */,
				7327AED235F37BA65C119031 /* SkinToneExtractor.swift */,
				D5520711C133FC4F26B4CC57 /* StyleImageService.swift */,
				6E038F5F31EB01F96281EE64 /* StyleUsageLearning.swift */,
			);
			path = Services;
			sourceTree = "<group>";
		};
		AB4C527453CBCE3EFE2291C8 /* ViewModels */ = {
			isa = PBXGroup;
			children = (
			);
			path = ViewModels;
			sourceTree = "<group>";
		};
		AB699ECE17D33720712EFBEB /* Intents */ = {
			isa = PBXGroup;
			children = (
				29234E3D44AC31BAF09AC91C /* DailyStyleRecommendationIntent.swift */,
			);
			path = Intents;
			sourceTree = "<group>";
		};
		B9967EF5855633FD14C5D37F /* Navigation */ = {
			isa = PBXGroup;
			children = (
				40F78EBA23E4FB4692771AFB /* MainTabView.swift */,
			);
			path = Navigation;
			sourceTree = "<group>";
		};
		BBD514DB7A8AA2852AE94DD3 /* Views */ = {
			isa = PBXGroup;
			children = (
				6672AC4BB8B6FF22DEC32B04 /* EditProfileView.swift */,
				92543E17BB683B062F3EFB23 /* NoPaletteView.swift */,
				C953B3EF34621286495A48CD /* PaletteGenerationOverlay.swift */,
				07A463B1685183813B5F117D /* PaletteQuestionnaireView.swift */,
				B5A1849B39FF49CF07703B97 /* PhotoUploadView.swift */,
				CD9EDE3552ACC31FF37EA6C0 /* PrivacyNoticeView.swift */,
				F8D383BDD5CF127A217023EF /* PrivacySettingsView.swift */,
				CCF43F9E1D797C468B6BA7DD /* ProfileView.swift */,
			);
			path = Views;
			sourceTree = "<group>";
		};
		BF598A8B19671F0CACD48E58 /* ViewModels */ = {
			isa = PBXGroup;
			children = (
			);
			path = ViewModels;
			sourceTree = "<group>";
		};
		C6E387D2C19199104A1C1174 /* PersonalShooperWidgets */ = {
			isa = PBXGroup;
			children = (
				B8FA979C7376DB822AF8BB74 /* Info.plist */,
				B91596BEA9384DA00403FD9C /* PersonalShooperWidgets.entitlements */,
				D3791AD898833449685E1931 /* PersonalShooperWidgets.swift */,
			);
			path = PersonalShooperWidgets;
			sourceTree = "<group>";
		};
		CB32715B8022A805297F433E /* Models */ = {
			isa = PBXGroup;
			children = (
				887D2B4D0108C64CA67CDCD2 /* Analysis.swift */,
				FF4CAFB822A3E2AB7DDE2D5C /* ARClothingPlacement.swift */,
				FEF58E4B0DA60D35304E89F4 /* ClothingItem.swift */,
				BCE0DB96AC9E480300EB1EBA /* Conversation.swift */,
				5A0B0FBE0E8E36BB78F3EFB2 /* OutfitCalendarEntry.swift */,
				75191249CD415955E041E75E /* User.swift */,
			);
			path = Models;
			sourceTree = "<group>";
		};
		CDBFB35D277A587B26645EDC /* Views */ = {
			isa = PBXGroup;
			children = (
				8D482CF83781BBC2FFC1FA7C /* ARWardrobeView.swift */,
			);
			path = Views;
			sourceTree = "<group>";
		};
		D8E2970902FD13ECCA4090B5 /* Services */ = {
			isa = PBXGroup;
			children = (
				6E7DD8E4BD58EFE0B4841017 /* AppleIntelligenceService.swift */,
				790B3A3D0AEA3565A91D612F /* BYOKChatService.swift */,
				22B513CBC4BAB4CB39A8A5F4 /* ChatWorkspaceService.swift */,
				A1C9C935FC5AA7125DABD554 /* ConnectedChatGPTService.swift */,
				FD0C9C27A7F650CF01C49E77 /* ImageConsulting.swift */,
			);
			path = Services;
			sourceTree = "<group>";
		};
		E0C0E280F57A65C3E933ADCE /* Frameworks */ = {
			isa = PBXGroup;
			children = (
				5054F6856E9D8B83341CA704 /* AppIntents.framework */,
				66B45EAFDE59A049CE181887 /* ARKit.framework */,
				C1493BFC2DCA2E075EB295B3 /* AVFoundation.framework */,
				5F862D43B99551B439DD1416 /* CoreLocation.framework */,
				6BF2365E84C77E4390352F14 /* CoreML.framework */,
				8D6E5F1F18EA2BFCCA1B55CC /* EventKit.framework */,
				839E6E6C98B89B75F3114776 /* FoundationModels.framework */,
				A9C31A216ECCBD18B4C7B501 /* HealthKit.framework */,
				696BA670288F6524877B1351 /* ImageIO.framework */,
				D7BF33F1413C0F51AB610238 /* NaturalLanguage.framework */,
				B668A8B26EAD43C074CA3718 /* Photos.framework */,
				86FB13AAA6D0B1AC46C0EB4A /* RealityKit.framework */,
				6CCE329E228B17589B6409BA /* Speech.framework */,
				7AD0B1B15B659FA75BE4E4A8 /* StoreKit.framework */,
				4ED6A1E503E280CED9735D85 /* Vision.framework */,
				56173F3B4C47A44171AD4425 /* WidgetKit.framework */,
			);
			name = Frameworks;
			sourceTree = "<group>";
		};
		E5F10DE81FC7D6DDC3D5F15C /* Services */ = {
			isa = PBXGroup;
			children = (
			);
			path = Services;
			sourceTree = "<group>";
		};
		E750490213254BA0AAAC4702 /* Components */ = {
			isa = PBXGroup;
			children = (
			);
			path = Components;
			sourceTree = "<group>";
		};
		E8E187959A451D1F93E2D6A5 /* ViewModels */ = {
			isa = PBXGroup;
			children = (
				75FF91397AF47465ED682DC4 /* ARViewModel.swift */,
			);
			path = ViewModels;
			sourceTree = "<group>";
		};
		EB1396CE1006BAA051C61AB0 /* ViewModels */ = {
			isa = PBXGroup;
			children = (
			);
			path = ViewModels;
			sourceTree = "<group>";
		};
		F04364BBF06BD3E974883EAA /* ViewModels */ = {
			isa = PBXGroup;
			children = (
				D5FB969B5E70E76DC39DC291 /* TryOnViewModel.swift */,
			);
			path = ViewModels;
			sourceTree = "<group>";
		};
		F1747B14FEAC04F6D478151A /* Shared */ = {
			isa = PBXGroup;
			children = (
				21839F5E1A00CE50CB86ECE0 /* StyleCompanionSharedModels.swift */,
			);
			path = Shared;
			sourceTree = "<group>";
		};
		F52A937E2A4AD53A9964FFD4 /* Views */ = {
			isa = PBXGroup;
			children = (
				B61150CC96A83FB5725565FE /* OnboardingView.swift */,
			);
			path = Views;
			sourceTree = "<group>";
		};
		F6D013AB865A4C2973E37D2E /* Views */ = {
			isa = PBXGroup;
			children = (
				67CB9660E43A91A53D5BA20C /* BYOKSettingsView.swift */,
				766A659F42DDB9940AEB6B69 /* SubscriptionView.swift */,
			);
			path = Views;
			sourceTree = "<group>";
		};
		FC86F1CE56FFD91AA67FB11B /* Services */ = {
			isa = PBXGroup;
			children = (
				94CF616C04805D4E7D6AECCF /* ARWorldMapStore.swift */,
			);
			path = Services;
			sourceTree = "<group>";
		};
/* End PBXGroup section */

/* Begin PBXNativeTarget section */
		7C0A0F217713BCEEDE032529 /* PersonalShooper */ = {
			isa = PBXNativeTarget;
			buildConfigurationList = 5EAAFE802D610BFF02C89165 /* Build configuration list for PBXNativeTarget "PersonalShooper" */;
			buildPhases = (
				C7ADC721E49A786C96E8BA3F /* Sources */,
				5537E551C5F0FC9D18002712 /* Resources */,
				E8AEA5536B20BBFCF6B07D37 /* Frameworks */,
				061EFF56E3B7875A61D194AC /* Embed Foundation Extensions */,
			);
			buildRules = (
			);
			dependencies = (
				B989E3411B563C83DDDBE97A /* PBXTargetDependency */,
			);
			name = PersonalShooper;
			packageProductDependencies = (
			);
			productName = PersonalShooper;
			productReference = 73717A299BB71F7BD77AAAD1 /* PersonalShooper.app */;
			productType = "com.apple.product-type.application";
		};
		D19B5E2F93C0CE249A6DE4B2 /* PersonalShooperWidgets */ = {
			isa = PBXNativeTarget;
			buildConfigurationList = B6FE79D9BC3305C12DF9B064 /* Build configuration list for PBXNativeTarget "PersonalShooperWidgets" */;
			buildPhases = (
				BB2884DF6BE2CEB8CBBF5DB3 /* Sources */,
				9CE5591D0F887539CE32ED08 /* Frameworks */,
			);
			buildRules = (
			);
			dependencies = (
			);
			name = PersonalShooperWidgets;
			packageProductDependencies = (
			);
			productName = PersonalShooperWidgets;
			productReference = D0875A8396A9D56BC3A5EDC4 /* PersonalShooperWidgets.appex */;
			productType = "com.apple.product-type.app-extension";
		};
/* End PBXNativeTarget section */

/* Begin PBXProject section */
		D3798DEE3DF08AD1AEAF67C9 /* Project object */ = {
			isa = PBXProject;
			attributes = {
				BuildIndependentTargetsInParallel = YES;
				LastUpgradeCheck = 1600;
				TargetAttributes = {
					7C0A0F217713BCEEDE032529 = {
						DevelopmentTeam = Y6VZTXTFW8;
						ProvisioningStyle = Automatic;
					};
					D19B5E2F93C0CE249A6DE4B2 = {
						DevelopmentTeam = Y6VZTXTFW8;
						ProvisioningStyle = Automatic;
					};
				};
			};
			buildConfigurationList = B7177D5AB38615A4966A591A /* Build configuration list for PBXProject "PersonalShooper" */;
			developmentRegion = en;
			hasScannedForEncodings = 0;
			knownRegions = (
				Base,
				en,
			);
			mainGroup = 83F8103D58A43A1CE84160CB;
			minimizedProjectReferenceProxies = 1;
			packageReferences = (
				A8317D964BAD51638ED2798D /* XCRemoteSwiftPackageReference "SnapKit" */,
			);
			preferredProjectObjectVersion = 77;
			productRefGroup = 7B7E65336DEA0D9AAFDCE8B0 /* Products */;
			projectDirPath = "";
			projectRoot = "";
			targets = (
				7C0A0F217713BCEEDE032529 /* PersonalShooper */,
				D19B5E2F93C0CE249A6DE4B2 /* PersonalShooperWidgets */,
			);
		};
/* End PBXProject section */

/* Begin PBXResourcesBuildPhase section */
		5537E551C5F0FC9D18002712 /* Resources */ = {
			isa = PBXResourcesBuildPhase;
			buildActionMask = 2147483647;
			files = (
				78731E3956A5ADA50089D44F /* Assets.xcassets in Resources */,
				EBDBB8A8EE39AC246A419BAC /* LocalSecrets.plist in Resources */,
				FAB2438FEB64E57DD5187064 /* PrivacyInfo.xcprivacy in Resources */,
			);
			runOnlyForDeploymentPostprocessing = 0;
		};
/* End PBXResourcesBuildPhase section */

/* Begin PBXSourcesBuildPhase section */
		BB2884DF6BE2CEB8CBBF5DB3 /* Sources */ = {
			isa = PBXSourcesBuildPhase;
			buildActionMask = 2147483647;
			files = (
				ACCEAC36A82E95A6D479E8C8 /* PersonalShooperWidgets.swift in Sources */,
				33C639E0591A4E2CE62EB90D /* StyleCompanionSharedModels.swift in Sources */,
			);
			runOnlyForDeploymentPostprocessing = 0;
		};
		C7ADC721E49A786C96E8BA3F /* Sources */ = {
			isa = PBXSourcesBuildPhase;
			buildActionMask = 2147483647;
			files = (
				4042209B5DBA825870E4A6B1 /* ARClothingPlacement.swift in Sources */,
				9280A61E7CDBDD099FEF15CE /* ARViewModel.swift in Sources */,
				DE4856C42D4622A5CE0A0395 /* ARWardrobeView.swift in Sources */,
				F49362CD3749B18ED79343C7 /* ARWorldMapStore.swift in Sources */,
				350C1CD2B2224F77C3D21534 /* Analysis.swift in Sources */,
				A2C3EEDB62D101461528CD39 /* AppSecrets.swift in Sources */,
				B7956C019E4DCC97CCD786F4 /* AppState.swift in Sources */,
				C442FDDA7CC335E1B4B9160D /* AppleIntelligenceService.swift in Sources */,
				32F6DAE2B60659CF83F0372E /* AssistantPersona.swift in Sources */,
				84916E8331EBF2BF1D33E101 /* BYOKChatService.swift in Sources */,
				7738B61295ADFDC8C677D569 /* BYOKSettingsView.swift in Sources */,
				6A26344F10768112364C94EB /* CalendarSyncService.swift in Sources */,
				899E324BD2572DE2E6C5CB92 /* ChatView.swift in Sources */,
				5578E15F8309AE0BD9035D4F /* ChatViewModel.swift in Sources */,
				97FD48193B1A838D067A65CC /* ChatWorkspaceService.swift in Sources */,
				07E84A906C1FECF5ED4370AE /* ClosetView.swift in Sources */,
				82F3DCCBCF8B11A65CF252F1 /* ClothingCaptureView.swift in Sources */,
				0046FA085D42C4C14D838071 /* ClothingClassificationService.swift in Sources */,
				795D5E329C4DD71E97A844AD /* ClothingClassifierService.swift in Sources */,
				C3FD8490F8C3E2E9613206BC /* ClothingItem.swift in Sources */,
				0920EF86CEF6E09EA74C1778 /* CloudKitManager.swift in Sources */,
				697D39AA4E36A52BB8C914C5 /* ConnectedChatGPTService.swift in Sources */,
				CA008943BC67D78156ED8EB5 /* Conversation.swift in Sources */,
				B30E813019A960043DB3ED34 /* DailyOutfitLiveActivityController.swift in Sources */,
				3FEF6E4860AB91364E2E4011 /* DailyOutfitReminderScheduler.swift in Sources */,
				116A6FBB581CE095292569FA /* DailyStyleRecommendationIntent.swift in Sources */,
				DC287BA429B7BA24485C0EB7 /* DailyStyleRecommendationService.swift in Sources */,
				653F52F805B613307D414401 /* EditProfileView.swift in Sources */,
				57B4002CEC6FFB05083D4CEA /* GarmentBackgroundRemovalService.swift in Sources */,
				59DAC8F2BDD2A49E39AA5E7D /* GeminiTryOnService.swift in Sources */,
				1F87B1E27CEA7F44BB4F6B28 /* HealthKitService.swift in Sources */,
				3831A7980AE129987A0850EF /* HomeView.swift in Sources */,
				F5B9D703441B8315F47248CF /* ImageConsulting.swift in Sources */,
				8E62DD984BE25EF914FE392B /* KeychainHelper.swift in Sources */,
				5FD644BA7FCE4650372A2A65 /* Language.swift in Sources */,
				22BC0FF4DB2647B6D468F606 /* MainTabView.swift in Sources */,
				D37906D2C4BBDEBE9F4BFC6B /* MarkdownMessageView.swift in Sources */,
				FCF7235DD9D851E88EEA06AE /* NamedPaletteLibrary.swift in Sources */,
				A46152D996282676D8C8ED78 /* NoPaletteView.swift in Sources */,
				A17E9F62BE725D71CC4F05C3 /* OnboardingView.swift in Sources */,
				B34A434CBFAA5DE5942A36EC /* OpenAIImageTryOnService.swift in Sources */,
				7BED6BEBADE3624FD121F2E2 /* OutfitCalendarEntry.swift in Sources */,
				2CC230663AC80DB3B7E9DB1A /* OutfitCalendarView.swift in Sources */,
				40A2958DD92AA095AF0461A1 /* OutfitWeatherService.swift in Sources */,
				462546734450AD199EE637F3 /* PaletteGenerationOverlay.swift in Sources */,
				626D8986BB8EDEE1E72645DF /* PaletteGenerationService.swift in Sources */,
				E41BDD069AA2B2227756FB05 /* PalettePreferences.swift in Sources */,
				1EFBD4E6E49781E2EB439F75 /* PaletteQuestionnaireView.swift in Sources */,
				76530E1C76FBE252B2EBA8F9 /* PersonalShooperApp.swift in Sources */,
				F556C0520A0F11D9E953452B /* PhotoAnalysisService.swift in Sources */,
				8EF22799197289A77575D099 /* PhotoUploadView.swift in Sources */,
				AB99AD099C7EFC2391875FC1 /* PrivacyNoticeView.swift in Sources */,
				BF76F75BF73CF46001279010 /* PrivacySettingsView.swift in Sources */,
				240302348AD244A108B8C9F5 /* ProfileStorageService.swift in Sources */,
				76E4D05EC2F43CEC9F73D905 /* ProfileView.swift in Sources */,
				449F539D13948DFADF5497B6 /* SettingsView.swift in Sources */,
				9634C3723413210A4F81DB56 /* SkinColorScience.swift in Sources */,
				5E7EED82D85CF519E9382DF8 /* SkinToneExtractor.swift in Sources */,
				FD6C8B36F65BFF1147894411 /* StorageBudgetManager.swift in Sources */,
				00F8CB3BC698C971123A0C0E /* StoreKitManager.swift in Sources */,
				53DF86C0D2C0D34D009D4EAB /* Strings.swift in Sources */,
				96BB5EE762B7AA2D96BC261E /* StyleCompanionSharedModels.swift in Sources */,
				EE4BFA4A390C124966233A83 /* StyleImageService.swift in Sources */,
				FBCEDF6E4A1065AD39110EFA /* StyleUsageLearning.swift in Sources */,
				6FBB2F49ECB0F4110701834A /* SubscriptionView.swift in Sources */,
				79782D3867F585D71C8ACCBB /* Theme.swift in Sources */,
				DACBCD273EE65294C9B8BEB5 /* TryOnProviderSelectorView.swift in Sources */,
				C10B2B0C5474EB53AE8DFB70 /* TryOnProviderService.swift in Sources */,
				9B0E4EA327E15139CC5747F2 /* TryOnService.swift in Sources */,
				FE40DCAE3F3B3D8F14E1E2CF /* TryOnView.swift in Sources */,
				E95C4A6D205754EE6FB65CEE /* TryOnViewModel.swift in Sources */,
				CC0B7E44E01CC434943435C9 /* User.swift in Sources */,
			);
			runOnlyForDeploymentPostprocessing = 0;
		};
/* End PBXSourcesBuildPhase section */

/* Begin PBXTargetDependency section */
		B989E3411B563C83DDDBE97A /* PBXTargetDependency */ = {
			isa = PBXTargetDependency;
			target = D19B5E2F93C0CE249A6DE4B2 /* PersonalShooperWidgets */;
			targetProxy = 993DBC92412AE1FDB73B1F1A /* PBXContainerItemProxy */;
		};
/* End PBXTargetDependency section */

/* Begin XCBuildConfiguration section */
		2E916F42B52A9358D3F4EAE7 /* Debug */ = {
			isa = XCBuildConfiguration;
			buildSettings = {
				ASSETCATALOG_COMPILER_APPICON_NAME = AppIcon;
				ASSETCATALOG_COMPILER_GLOBAL_ACCENT_COLOR_NAME = AccentColor;
				CODE_SIGN_ENTITLEMENTS = PersonalShooper/PersonalShooper.entitlements;
				CODE_SIGN_IDENTITY = "iPhone Developer";
				CODE_SIGN_STYLE = Automatic;
				ENABLE_PREVIEWS = YES;
				INFOPLIST_FILE = PersonalShooper/Info.plist;
				LD_RUNPATH_SEARCH_PATHS = (
					"$(inherited)",
					"@executable_path/Frameworks",
				);
				PRODUCT_BUNDLE_IDENTIFIER = com.personalshooper.app;
				SDKROOT = iphoneos;
				SWIFT_EMIT_LOC_STRINGS = YES;
				TARGETED_DEVICE_FAMILY = "1,2";
			};
			name = Debug;
		};
		489FCFE3DEE30E17F655E655 /* Release */ = {
			isa = XCBuildConfiguration;
			buildSettings = {
				APPLICATION_EXTENSION_API_ONLY = YES;
				ASSETCATALOG_COMPILER_APPICON_NAME = AppIcon;
				CODE_SIGN_ENTITLEMENTS = PersonalShooperWidgets/PersonalShooperWidgets.entitlements;
				CODE_SIGN_STYLE = Automatic;
				INFOPLIST_FILE = PersonalShooperWidgets/Info.plist;
				LD_RUNPATH_SEARCH_PATHS = (
					"$(inherited)",
					"@executable_path/Frameworks",
					"@executable_path/../../Frameworks",
				);
				PRODUCT_BUNDLE_IDENTIFIER = com.personalshooper.app.widgets;
				SDKROOT = iphoneos;
				SWIFT_EMIT_LOC_STRINGS = YES;
				TARGETED_DEVICE_FAMILY = "1,2";
			};
			name = Release;
		};
		70B5CE97A9AAE43B3E3DF3BF /* Debug */ = {
			isa = XCBuildConfiguration;
			buildSettings = {
				APPLICATION_EXTENSION_API_ONLY = YES;
				ASSETCATALOG_COMPILER_APPICON_NAME = AppIcon;
				CODE_SIGN_ENTITLEMENTS = PersonalShooperWidgets/PersonalShooperWidgets.entitlements;
				CODE_SIGN_STYLE = Automatic;
				INFOPLIST_FILE = PersonalShooperWidgets/Info.plist;
				LD_RUNPATH_SEARCH_PATHS = (
					"$(inherited)",
					"@executable_path/Frameworks",
					"@executable_path/../../Frameworks",
				);
				PRODUCT_BUNDLE_IDENTIFIER = com.personalshooper.app.widgets;
				SDKROOT = iphoneos;
				SWIFT_EMIT_LOC_STRINGS = YES;
				TARGETED_DEVICE_FAMILY = "1,2";
			};
			name = Debug;
		};
		908ADD398B6EE243396EA3F8 /* Release */ = {
			isa = XCBuildConfiguration;
			buildSettings = {
				ALWAYS_SEARCH_USER_PATHS = NO;
				CLANG_ANALYZER_NONNULL = YES;
				CLANG_ANALYZER_NUMBER_OBJECT_CONVERSION = YES_AGGRESSIVE;
				CLANG_CXX_LANGUAGE_STANDARD = "gnu++14";
				CLANG_CXX_LIBRARY = "libc++";
				CLANG_ENABLE_MODULES = YES;
				CLANG_ENABLE_OBJC_ARC = YES;
				CLANG_ENABLE_OBJC_WEAK = YES;
				CLANG_WARN_BLOCK_CAPTURE_AUTORELEASING = YES;
				CLANG_WARN_BOOL_CONVERSION = YES;
				CLANG_WARN_COMMA = YES;
				CLANG_WARN_CONSTANT_CONVERSION = YES;
				CLANG_WARN_DEPRECATED_OBJC_IMPLEMENTATIONS = YES;
				CLANG_WARN_DIRECT_OBJC_ISA_USAGE = YES_ERROR;
				CLANG_WARN_DOCUMENTATION_COMMENTS = YES;
				CLANG_WARN_EMPTY_BODY = YES;
				CLANG_WARN_ENUM_CONVERSION = YES;
				CLANG_WARN_INFINITE_RECURSION = YES;
				CLANG_WARN_INT_CONVERSION = YES;
				CLANG_WARN_NON_LITERAL_NULL_CONVERSION = YES;
				CLANG_WARN_OBJC_IMPLICIT_RETAIN_SELF = YES;
				CLANG_WARN_OBJC_LITERAL_CONVERSION = YES;
				CLANG_WARN_OBJC_ROOT_CLASS = YES_ERROR;
				CLANG_WARN_QUOTED_INCLUDE_IN_FRAMEWORK_HEADER = YES;
				CLANG_WARN_RANGE_LOOP_ANALYSIS = YES;
				CLANG_WARN_STRICT_PROTOTYPES = YES;
				CLANG_WARN_SUSPICIOUS_MOVE = YES;
				CLANG_WARN_UNGUARDED_AVAILABILITY = YES_AGGRESSIVE;
				CLANG_WARN_UNREACHABLE_CODE = YES;
				CLANG_WARN__DUPLICATE_METHOD_MATCH = YES;
				COPY_PHASE_STRIP = NO;
				CURRENT_PROJECT_VERSION = 38;
				DEBUG_INFORMATION_FORMAT = "dwarf-with-dsym";
				DEVELOPMENT_TEAM = Y6VZTXTFW8;
				ENABLE_NS_ASSERTIONS = NO;
				ENABLE_STRICT_OBJC_MSGSEND = YES;
				ENABLE_USER_SCRIPT_SANDBOXING = NO;
				GCC_C_LANGUAGE_STANDARD = gnu11;
				GCC_NO_COMMON_BLOCKS = YES;
				GCC_WARN_64_TO_32_BIT_CONVERSION = YES;
				GCC_WARN_ABOUT_RETURN_TYPE = YES_ERROR;
				GCC_WARN_UNDECLARED_SELECTOR = YES;
				GCC_WARN_UNINITIALIZED_AUTOS = YES_AGGRESSIVE;
				GCC_WARN_UNUSED_FUNCTION = YES;
				GCC_WARN_UNUSED_VARIABLE = YES;
				IPHONEOS_DEPLOYMENT_TARGET = 26.0;
				MARKETING_VERSION = 1.0.0;
				MTL_ENABLE_DEBUG_INFO = NO;
				MTL_FAST_MATH = YES;
				PRODUCT_NAME = "$(TARGET_NAME)";
				SDKROOT = iphoneos;
				SWIFT_COMPILATION_MODE = wholemodule;
				SWIFT_OPTIMIZATION_LEVEL = "-O";
				SWIFT_STRICT_CONCURRENCY = complete;
				SWIFT_VERSION = 6.0;
				TARGETED_DEVICE_FAMILY = "1,2";
			};
			name = Release;
		};
		A7D51239D54663EE0826FC38 /* Debug */ = {
			isa = XCBuildConfiguration;
			buildSettings = {
				ALWAYS_SEARCH_USER_PATHS = NO;
				CLANG_ANALYZER_NONNULL = YES;
				CLANG_ANALYZER_NUMBER_OBJECT_CONVERSION = YES_AGGRESSIVE;
				CLANG_CXX_LANGUAGE_STANDARD = "gnu++14";
				CLANG_CXX_LIBRARY = "libc++";
				CLANG_ENABLE_MODULES = YES;
				CLANG_ENABLE_OBJC_ARC = YES;
				CLANG_ENABLE_OBJC_WEAK = YES;
				CLANG_WARN_BLOCK_CAPTURE_AUTORELEASING = YES;
				CLANG_WARN_BOOL_CONVERSION = YES;
				CLANG_WARN_COMMA = YES;
				CLANG_WARN_CONSTANT_CONVERSION = YES;
				CLANG_WARN_DEPRECATED_OBJC_IMPLEMENTATIONS = YES;
				CLANG_WARN_DIRECT_OBJC_ISA_USAGE = YES_ERROR;
				CLANG_WARN_DOCUMENTATION_COMMENTS = YES;
				CLANG_WARN_EMPTY_BODY = YES;
				CLANG_WARN_ENUM_CONVERSION = YES;
				CLANG_WARN_INFINITE_RECURSION = YES;
				CLANG_WARN_INT_CONVERSION = YES;
				CLANG_WARN_NON_LITERAL_NULL_CONVERSION = YES;
				CLANG_WARN_OBJC_IMPLICIT_RETAIN_SELF = YES;
				CLANG_WARN_OBJC_LITERAL_CONVERSION = YES;
				CLANG_WARN_OBJC_ROOT_CLASS = YES_ERROR;
				CLANG_WARN_QUOTED_INCLUDE_IN_FRAMEWORK_HEADER = YES;
				CLANG_WARN_RANGE_LOOP_ANALYSIS = YES;
				CLANG_WARN_STRICT_PROTOTYPES = YES;
				CLANG_WARN_SUSPICIOUS_MOVE = YES;
				CLANG_WARN_UNGUARDED_AVAILABILITY = YES_AGGRESSIVE;
				CLANG_WARN_UNREACHABLE_CODE = YES;
				CLANG_WARN__DUPLICATE_METHOD_MATCH = YES;
				COPY_PHASE_STRIP = NO;
				CURRENT_PROJECT_VERSION = 38;
				DEBUG_INFORMATION_FORMAT = dwarf;
				DEVELOPMENT_TEAM = Y6VZTXTFW8;
				ENABLE_STRICT_OBJC_MSGSEND = YES;
				ENABLE_TESTABILITY = YES;
				ENABLE_USER_SCRIPT_SANDBOXING = NO;
				GCC_C_LANGUAGE_STANDARD = gnu11;
				GCC_DYNAMIC_NO_PIC = NO;
				GCC_NO_COMMON_BLOCKS = YES;
				GCC_OPTIMIZATION_LEVEL = 0;
				GCC_PREPROCESSOR_DEFINITIONS = (
					"$(inherited)",
					"DEBUG=1",
				);
				GCC_WARN_64_TO_32_BIT_CONVERSION = YES;
				GCC_WARN_ABOUT_RETURN_TYPE = YES_ERROR;
				GCC_WARN_UNDECLARED_SELECTOR = YES;
				GCC_WARN_UNINITIALIZED_AUTOS = YES_AGGRESSIVE;
				GCC_WARN_UNUSED_FUNCTION = YES;
				GCC_WARN_UNUSED_VARIABLE = YES;
				IPHONEOS_DEPLOYMENT_TARGET = 26.0;
				MARKETING_VERSION = 1.0.0;
				MTL_ENABLE_DEBUG_INFO = INCLUDE_SOURCE;
				MTL_FAST_MATH = YES;
				ONLY_ACTIVE_ARCH = YES;
				PRODUCT_NAME = "$(TARGET_NAME)";
				SDKROOT = iphoneos;
				SWIFT_ACTIVE_COMPILATION_CONDITIONS = DEBUG;
				SWIFT_OPTIMIZATION_LEVEL = "-Onone";
				SWIFT_STRICT_CONCURRENCY = complete;
				SWIFT_VERSION = 6.0;
				TARGETED_DEVICE_FAMILY = "1,2";
			};
			name = Debug;
		};
		ECC78588E5F760AF6E18544B /* Release */ = {
			isa = XCBuildConfiguration;
			buildSettings = {
				ASSETCATALOG_COMPILER_APPICON_NAME = AppIcon;
				ASSETCATALOG_COMPILER_GLOBAL_ACCENT_COLOR_NAME = AccentColor;
				CODE_SIGN_ENTITLEMENTS = PersonalShooper/PersonalShooper.entitlements;
				CODE_SIGN_IDENTITY = "iPhone Developer";
				CODE_SIGN_STYLE = Automatic;
				ENABLE_PREVIEWS = YES;
				INFOPLIST_FILE = PersonalShooper/Info.plist;
				LD_RUNPATH_SEARCH_PATHS = (
					"$(inherited)",
					"@executable_path/Frameworks",
				);
				PRODUCT_BUNDLE_IDENTIFIER = com.personalshooper.app;
				SDKROOT = iphoneos;
				SWIFT_EMIT_LOC_STRINGS = YES;
				TARGETED_DEVICE_FAMILY = "1,2";
			};
			name = Release;
		};
/* End XCBuildConfiguration section */

/* Begin XCConfigurationList section */
		5EAAFE802D610BFF02C89165 /* Build configuration list for PBXNativeTarget "PersonalShooper" */ = {
			isa = XCConfigurationList;
			buildConfigurations = (
				2E916F42B52A9358D3F4EAE7 /* Debug */,
				ECC78588E5F760AF6E18544B /* Release */,
			);
			defaultConfigurationIsVisible = 0;
			defaultConfigurationName = Debug;
		};
		B6FE79D9BC3305C12DF9B064 /* Build configuration list for PBXNativeTarget "PersonalShooperWidgets" */ = {
			isa = XCConfigurationList;
			buildConfigurations = (
				70B5CE97A9AAE43B3E3DF3BF /* Debug */,
				489FCFE3DEE30E17F655E655 /* Release */,
			);
			defaultConfigurationIsVisible = 0;
			defaultConfigurationName = Debug;
		};
		B7177D5AB38615A4966A591A /* Build configuration list for PBXProject "PersonalShooper" */ = {
			isa = XCConfigurationList;
			buildConfigurations = (
				A7D51239D54663EE0826FC38 /* Debug */,
				908ADD398B6EE243396EA3F8 /* Release */,
			);
			defaultConfigurationIsVisible = 0;
			defaultConfigurationName = Debug;
		};
/* End XCConfigurationList section */

/* Begin XCRemoteSwiftPackageReference section */
		A8317D964BAD51638ED2798D /* XCRemoteSwiftPackageReference "SnapKit" */ = {
			isa = XCRemoteSwiftPackageReference;
			repositoryURL = "https://github.com/SnapKit/SnapKit.git";
			requirement = {
				kind = upToNextMajorVersion;
				minimumVersion = 5.7.1;
			};
		};
/* End XCRemoteSwiftPackageReference section */
	};
	rootObject = D3798DEE3DF08AD1AEAF67C9 /* Project object */;
}
